<Solution>
  <Project Path="AlicatBusControl/AlicatBusControl.csproj" />
  <Project Path="AlicatMFCRemastered/AlicatMFCRemastered.csproj" />
  <Project Path="ChemyxPumpPlugin/ChemyxPumpPlugin.csproj" />
  <Project Path="FlirCM3Remastered/FlirCM3Remastered.csproj" />
  <Project Path="FlowSolver/FlowSolver.csproj" Id="49683afc-13a5-48c3-a1b2-28d848c8f680" />
  <Project Path="HerkulexDRS/HerkulexDRS.csproj" />
  <Project Path="LindbergFurnaceRemastered/LindbergFurnaceRemastered.csproj" />
  <Project Path="SyringePumpNE1000Remastered/SyringePumpNE1000Remastered.csproj" />
  <Project Path="TC0304Remastered/TC0304Remastered.csproj" />
  <Project Path="TicStepperController/TicStepperController.csproj" />
  <Project Path="ValveController/ValveController.csproj" />
</Solution>
