
Microsoft Visual Studio Solution File, Format Version 12.00
# Visual Studio Version 18
VisualStudioVersion = 18.1.11312.151 d18.0
MinimumVisualStudioVersion = 10.0.40219.1
Project("{FAE04EC0-301F-11D3-BF4B-00C04F79EFBC}") = "AlicatMFCRemastered", "AlicatMFCRemastered\AlicatMFCRemastered.csproj", "{1F5DB9B9-7963-446A-8BE9-5D3F71E7BA28}"
EndProject
Global
	GlobalSection(SolutionConfigurationPlatforms) = preSolution
		Debug|Any CPU = Debug|Any CPU
		Release|Any CPU = Release|Any CPU
	EndGlobalSection
	GlobalSection(ProjectConfigurationPlatforms) = postSolution
		{1F5DB9B9-7963-446A-8BE9-5D3F71E7BA28}.Debug|Any CPU.ActiveCfg = Debug|Any CPU
		{1F5DB9B9-7963-446A-8BE9-5D3F71E7BA28}.Debug|Any CPU.Build.0 = Debug|Any CPU
		{1F5DB9B9-7963-446A-8BE9-5D3F71E7BA28}.Release|Any CPU.ActiveCfg = Release|Any CPU
		{1F5DB9B9-7963-446A-8BE9-5D3F71E7BA28}.Release|Any CPU.Build.0 = Release|Any CPU
	EndGlobalSection
	GlobalSection(SolutionProperties) = preSolution
		HideSolutionNode = FALSE
	EndGlobalSection
	GlobalSection(ExtensibilityGlobals) = postSolution
		SolutionGuid = {CEBBBCAD-AE59-48CC-9639-675ED8C62C22}
	EndGlobalSection
EndGlobal
